
Microsoft Visual Studio Solution File, Format Version 12.00
# Visual Studio 15
VisualStudioVersion = 15.0.28307.329
MinimumVisualStudioVersion = 10.0.40219.1
Project("{FAE04EC0-301F-11D3-BF4B-00C04F79EFBC}") = "Task4", "Task4\Task4.csproj", "{9C41EF4E-8C37-4834-98FA-F24F5DB177BB}"
EndProject
Global
	GlobalSection(SolutionConfigurationPlatforms) = preSolution
		Debug|Any CPU = Debug|Any CPU
		Release|Any CPU = Release|Any CPU
	EndGlobalSection
	GlobalSection(ProjectConfigurationPlatforms) = postSolution
		{9C41EF4E-8C37-4834-98FA-F24F5DB177BB}.Debug|Any CPU.ActiveCfg = Debug|Any CPU
		{9C41EF4E-8C37-4834-98FA-F24F5DB177BB}.Debug|Any CPU.Build.0 = Debug|Any CPU
		{9C41EF4E-8C37-4834-98FA-F24F5DB177BB}.Release|Any CPU.ActiveCfg = Release|Any CPU
		{9C41EF4E-8C37-4834-98FA-F24F5DB177BB}.Release|Any CPU.Build.0 = Release|Any CPU
	EndGlobalSection
	GlobalSection(SolutionProperties) = preSolution
		HideSolutionNode = FALSE
	EndGlobalSection
	GlobalSection(ExtensibilityGlobals) = postSolution
		SolutionGuid = {C223FAD0-9840-4561-8E3F-AC087F511DE2}
	EndGlobalSection
EndGlobal
